
Microsoft Visual Studio Solution File, Format Version 12.00
# Visual Studio 14
VisualStudioVersion = 14.0.24720.0
MinimumVisualStudioVersion = 10.0.40219.1
Project("{FAE04EC0-301F-11D3-BF4B-00C04F79EFBC}") = "myHost", "myHost\myHost.csproj", "{DD80482A-4CC8-4BE5-B385-83313A1C6C2E}"
EndProject
Project("{2150E333-8FDC-42A3-9474-1A3956D46DE8}") = "Library", "Library", "{C241D651-8224-4E99-8B47-08F9B6894CB0}"
EndProject
Project("{FAE04EC0-301F-11D3-BF4B-00C04F79EFBC}") = "myHost.WebSite1PlugIn", "myHost.WebSite1PlugIn\myHost.WebSite1PlugIn.csproj", "{C924F0E2-3DC2-43CE-9E01-7A555EFEAD8A}"
EndProject
Global
	GlobalSection(SolutionConfigurationPlatforms) = preSolution
		Debug|Any CPU = Debug|Any CPU
		Release|Any CPU = Release|Any CPU
	EndGlobalSection
	GlobalSection(ProjectConfigurationPlatforms) = postSolution
		{DD80482A-4CC8-4BE5-B385-83313A1C6C2E}.Debug|Any CPU.ActiveCfg = Debug|Any CPU
		{DD80482A-4CC8-4BE5-B385-83313A1C6C2E}.Debug|Any CPU.Build.0 = Debug|Any CPU
		{DD80482A-4CC8-4BE5-B385-83313A1C6C2E}.Release|Any CPU.ActiveCfg = Release|Any CPU
		{DD80482A-4CC8-4BE5-B385-83313A1C6C2E}.Release|Any CPU.Build.0 = Release|Any CPU
		{C924F0E2-3DC2-43CE-9E01-7A555EFEAD8A}.Debug|Any CPU.ActiveCfg = Debug|Any CPU
		{C924F0E2-3DC2-43CE-9E01-7A555EFEAD8A}.Debug|Any CPU.Build.0 = Debug|Any CPU
		{C924F0E2-3DC2-43CE-9E01-7A555EFEAD8A}.Release|Any CPU.ActiveCfg = Release|Any CPU
		{C924F0E2-3DC2-43CE-9E01-7A555EFEAD8A}.Release|Any CPU.Build.0 = Release|Any CPU
	EndGlobalSection
	GlobalSection(SolutionProperties) = preSolution
		HideSolutionNode = FALSE
	EndGlobalSection
EndGlobal
